{
  "name": "jarvis",
  "version": "1.0.0",
  "lockfileVersion": 1,
  "requires": true,
  "dependencies": {
    "node-audiorecorder": {
      "version": "1.4.1",
      "resolved": "https://registry.npmjs.org/node-audiorecorder/-/node-audiorecorder-1.4.1.tgz",
      "integrity": "sha512-8NCgj/tHyTTOL9jiuluBt3JDQXGca7gnSNziPjLeCMSYmMqYunskYwTmSxdXi4exNkk6ZBe6iVRI/axT04Nm0g=="
    }
  }
}
